
Microsoft Visual Studio Solution File, Format Version 12.00
# Visual Studio 2013
VisualStudioVersion = 12.0.21005.1
MinimumVisualStudioVersion = 10.0.40219.1
Project("{FAE04EC0-301F-11D3-BF4B-00C04F79EFBC}") = "SmallestMultipleApp5", "SmallestMultipleApp5\SmallestMultipleApp5.csproj", "{C29EBEDF-A938-4580-95A5-96F968AB4B1B}"
EndProject
Global
	GlobalSection(SolutionConfigurationPlatforms) = preSolution
		Debug|Any CPU = Debug|Any CPU
		Release|Any CPU = Release|Any CPU
	EndGlobalSection
	GlobalSection(ProjectConfigurationPlatforms) = postSolution
		{C29EBEDF-A938-4580-95A5-96F968AB4B1B}.Debug|Any CPU.ActiveCfg = Debug|Any CPU
		{C29EBEDF-A938-4580-95A5-96F968AB4B1B}.Debug|Any CPU.Build.0 = Debug|Any CPU
		{C29EBEDF-A938-4580-95A5-96F968AB4B1B}.Release|Any CPU.ActiveCfg = Release|Any CPU
		{C29EBEDF-A938-4580-95A5-96F968AB4B1B}.Release|Any CPU.Build.0 = Release|Any CPU
	EndGlobalSection
	GlobalSection(SolutionProperties) = preSolution
		HideSolutionNode = FALSE
	EndGlobalSection
EndGlobal
